// !$*UTF8*$!
{
	archiveVersion = 1;
	classes = {
	};
	objectVersion = 46;
	objects = {

/* Begin PBXBuildFile section */
		3C4CD38D1C3532E200E01902 /* uexXunFeiResponder.m in Sources */ = {isa = PBXBuildFile; fileRef = 3C4CD38C1C3532E200E01902 /* uexXunFeiResponder.m */; };
		3C81DF851C337CE90025DD6A /* EUExXunfei.m in Sources */ = {isa = PBXBuildFile; fileRef = 3C81DF841C337CE90025DD6A /* EUExXunfei.m */; };
		3C81DFC61C33A3030025DD6A /* iflyMSC.framework in Frameworks */ = {isa = PBXBuildFile; fileRef = 3C81DFC51C33A3030025DD6A /* iflyMSC.framework */; };
/* End PBXBuildFile section */

/* Begin PBXCopyFilesBuildPhase section */
		3C81DF7D1C337CE90025DD6A /* CopyFiles */ = {
			isa = PBXCopyFilesBuildPhase;
			buildActionMask = 2147483647;
			dstPath = "include/$(PRODUCT_NAME)";
			dstSubfolderSpec = 16;
			files = (
			);
			runOnlyForDeploymentPostprocessing = 0;
		};
/* End PBXCopyFilesBuildPhase section */

/* Begin PBXFileReference section */
		3C4CD3881C35227000E01902 /* EBrowserWindow.h */ = {isa = PBXFileReference; lastKnownFileType = sourcecode.c.h; path = EBrowserWindow.h; sourceTree = "<group>"; };
		3C4CD3891C3522FD00E01902 /* EBrowserWindowContainer.h */ = {isa = PBXFileReference; lastKnownFileType = sourcecode.c.h; path = EBrowserWindowContainer.h; sourceTree = "<group>"; };
		3C4CD38A1C35231500E01902 /* ACEUtils.h */ = {isa = PBXFileReference; lastKnownFileType = sourcecode.c.h; path = ACEUtils.h; sourceTree = "<group>"; };
		3C4CD38B1C3532D600E01902 /* uexXunFeiResponder.h */ = {isa = PBXFileReference; lastKnownFileType = sourcecode.c.h; path = uexXunFeiResponder.h; sourceTree = "<group>"; };
		3C4CD38C1C3532E200E01902 /* uexXunFeiResponder.m */ = {isa = PBXFileReference; fileEncoding = 4; lastKnownFileType = sourcecode.c.objc; path = uexXunFeiResponder.m; sourceTree = "<group>"; };
		3C81DF7F1C337CE90025DD6A /* libuexXunfei.a */ = {isa = PBXFileReference; explicitFileType = archive.ar; includeInIndex = 0; path = libuexXunfei.a; sourceTree = BUILT_PRODUCTS_DIR; };
		3C81DF821C337CE90025DD6A /* EUExXunfei.h */ = {isa = PBXFileReference; lastKnownFileType = sourcecode.c.h; path = EUExXunfei.h; sourceTree = "<group>"; };
		3C81DF841C337CE90025DD6A /* EUExXunfei.m */ = {isa = PBXFileReference; lastKnownFileType = sourcecode.c.objc; path = EUExXunfei.m; sourceTree = "<group>"; };
		3C81DF9B1C33810B0025DD6A /* EUExBase+Bundle.h */ = {isa = PBXFileReference; lastKnownFileType = sourcecode.c.h; path = "EUExBase+Bundle.h"; sourceTree = "<group>"; };
		3C81DF9C1C33810B0025DD6A /* EUExBase.h */ = {isa = PBXFileReference; lastKnownFileType = sourcecode.c.h; path = EUExBase.h; sourceTree = "<group>"; };
		3C81DF9D1C33810B0025DD6A /* EUExBaseDefine.h */ = {isa = PBXFileReference; lastKnownFileType = sourcecode.c.h; path = EUExBaseDefine.h; sourceTree = "<group>"; };
		3C81DF9E1C33810B0025DD6A /* EUtility.h */ = {isa = PBXFileReference; lastKnownFileType = sourcecode.c.h; path = EUtility.h; sourceTree = "<group>"; };
		3C81DF9F1C33810B0025DD6A /* JSON.h */ = {isa = PBXFileReference; lastKnownFileType = sourcecode.c.h; path = JSON.h; sourceTree = "<group>"; };
		3C81DFA01C33810B0025DD6A /* WidgetOneDelegate.h */ = {isa = PBXFileReference; lastKnownFileType = sourcecode.c.h; path = WidgetOneDelegate.h; sourceTree = "<group>"; };
		3C81DFA21C3381180025DD6A /* JSON.h */ = {isa = PBXFileReference; lastKnownFileType = sourcecode.c.h; path = JSON.h; sourceTree = "<group>"; };
		3C81DFA31C3381180025DD6A /* JSONParser.h */ = {isa = PBXFileReference; lastKnownFileType = sourcecode.c.h; path = JSONParser.h; sourceTree = "<group>"; };
		3C81DFA41C3381180025DD6A /* MD5Digest.h */ = {isa = PBXFileReference; lastKnownFileType = sourcecode.c.h; path = MD5Digest.h; sourceTree = "<group>"; };
		3C81DFA51C3381180025DD6A /* NSObject+SBJSON.h */ = {isa = PBXFileReference; lastKnownFileType = sourcecode.c.h; path = "NSObject+SBJSON.h"; sourceTree = "<group>"; };
		3C81DFA61C3381180025DD6A /* NSString+SBJSON.h */ = {isa = PBXFileReference; lastKnownFileType = sourcecode.c.h; path = "NSString+SBJSON.h"; sourceTree = "<group>"; };
		3C81DFA71C3381180025DD6A /* SBJSON.h */ = {isa = PBXFileReference; lastKnownFileType = sourcecode.c.h; path = SBJSON.h; sourceTree = "<group>"; };
		3C81DFA81C3381180025DD6A /* SBJsonBase.h */ = {isa = PBXFileReference; lastKnownFileType = sourcecode.c.h; path = SBJsonBase.h; sourceTree = "<group>"; };
		3C81DFA91C3381180025DD6A /* SBJsonParser.h */ = {isa = PBXFileReference; lastKnownFileType = sourcecode.c.h; path = SBJsonParser.h; sourceTree = "<group>"; };
		3C81DFAA1C3381180025DD6A /* SBJsonWriter.h */ = {isa = PBXFileReference; lastKnownFileType = sourcecode.c.h; path = SBJsonWriter.h; sourceTree = "<group>"; };
		3C81DFC51C33A3030025DD6A /* iflyMSC.framework */ = {isa = PBXFileReference; lastKnownFileType = wrapper.framework; path = iflyMSC.framework; sourceTree = "<group>"; };
		3C81DFCA1C33AC0B0025DD6A /* PrefixHeader.pch */ = {isa = PBXFileReference; lastKnownFileType = sourcecode.c.h; path = PrefixHeader.pch; sourceTree = "<group>"; };
/* End PBXFileReference section */

/* Begin PBXFrameworksBuildPhase section */
		3C81DF7C1C337CE90025DD6A /* Frameworks */ = {
			isa = PBXFrameworksBuildPhase;
			buildActionMask = 2147483647;
			files = (
				3C81DFC61C33A3030025DD6A /* iflyMSC.framework in Frameworks */,
			);
			runOnlyForDeploymentPostprocessing = 0;
		};
/* End PBXFrameworksBuildPhase section */

/* Begin PBXGroup section */
		3C81DF761C337CE90025DD6A = {
			isa = PBXGroup;
			children = (
				3C81DF811C337CE90025DD6A /* EUExXunfei */,
				3C81DF801C337CE90025DD6A /* Products */,
			);
			sourceTree = "<group>";
		};
		3C81DF801C337CE90025DD6A /* Products */ = {
			isa = PBXGroup;
			children = (
				3C81DF7F1C337CE90025DD6A /* libuexXunfei.a */,
			);
			name = Products;
			sourceTree = "<group>";
		};
		3C81DF811C337CE90025DD6A /* EUExXunfei */ = {
			isa = PBXGroup;
			children = (
				3C81DFCA1C33AC0B0025DD6A /* PrefixHeader.pch */,
				3C81DFB51C33A2E40025DD6A /* sourceCode */,
				3C81DFA11C3381180025DD6A /* JSON */,
				3C81DF9A1C33810B0025DD6A /* engineHeader */,
				3C81DF821C337CE90025DD6A /* EUExXunfei.h */,
				3C81DF841C337CE90025DD6A /* EUExXunfei.m */,
				3C4CD38B1C3532D600E01902 /* uexXunFeiResponder.h */,
				3C4CD38C1C3532E200E01902 /* uexXunFeiResponder.m */,
			);
			path = EUExXunfei;
			sourceTree = "<group>";
		};
		3C81DF9A1C33810B0025DD6A /* engineHeader */ = {
			isa = PBXGroup;
			children = (
				3C4CD38A1C35231500E01902 /* ACEUtils.h */,
				3C4CD3891C3522FD00E01902 /* EBrowserWindowContainer.h */,
				3C4CD3881C35227000E01902 /* EBrowserWindow.h */,
				3C81DF9B1C33810B0025DD6A /* EUExBase+Bundle.h */,
				3C81DF9C1C33810B0025DD6A /* EUExBase.h */,
				3C81DF9D1C33810B0025DD6A /* EUExBaseDefine.h */,
				3C81DF9E1C33810B0025DD6A /* EUtility.h */,
				3C81DF9F1C33810B0025DD6A /* JSON.h */,
				3C81DFA01C33810B0025DD6A /* WidgetOneDelegate.h */,
			);
			path = engineHeader;
			sourceTree = "<group>";
		};
		3C81DFA11C3381180025DD6A /* JSON */ = {
			isa = PBXGroup;
			children = (
				3C81DFA21C3381180025DD6A /* JSON.h */,
				3C81DFA31C3381180025DD6A /* JSONParser.h */,
				3C81DFA41C3381180025DD6A /* MD5Digest.h */,
				3C81DFA51C3381180025DD6A /* NSObject+SBJSON.h */,
				3C81DFA61C3381180025DD6A /* NSString+SBJSON.h */,
				3C81DFA71C3381180025DD6A /* SBJSON.h */,
				3C81DFA81C3381180025DD6A /* SBJsonBase.h */,
				3C81DFA91C3381180025DD6A /* SBJsonParser.h */,
				3C81DFAA1C3381180025DD6A /* SBJsonWriter.h */,
			);
			path = JSON;
			sourceTree = "<group>";
		};
		3C81DFB51C33A2E40025DD6A /* sourceCode */ = {
			isa = PBXGroup;
			children = (
				3C81DFC51C33A3030025DD6A /* iflyMSC.framework */,
			);
			path = sourceCode;
			sourceTree = "<group>";
		};
/* End PBXGroup section */

/* Begin PBXNativeTarget section */
		3C81DF7E1C337CE90025DD6A /* EUExXunfei */ = {
			isa = PBXNativeTarget;
			buildConfigurationList = 3C81DF881C337CE90025DD6A /* Build configuration list for PBXNativeTarget "EUExXunfei" */;
			buildPhases = (
				3C81DF7B1C337CE90025DD6A /* Sources */,
				3C81DF7C1C337CE90025DD6A /* Frameworks */,
				3C81DF7D1C337CE90025DD6A /* CopyFiles */,
			);
			buildRules = (
			);
			dependencies = (
			);
			name = EUExXunfei;
			productName = EUExXunfei;
			productReference = 3C81DF7F1C337CE90025DD6A /* libuexXunfei.a */;
			productType = "com.apple.product-type.library.static";
		};
/* End PBXNativeTarget section */

/* Begin PBXProject section */
		3C81DF771C337CE90025DD6A /* Project object */ = {
			isa = PBXProject;
			attributes = {
				LastUpgradeCheck = 0710;
				ORGANIZATIONNAME = AppCan;
				TargetAttributes = {
					3C81DF7E1C337CE90025DD6A = {
						CreatedOnToolsVersion = 7.1.1;
					};
				};
			};
			buildConfigurationList = 3C81DF7A1C337CE90025DD6A /* Build configuration list for PBXProject "EUExXunfei" */;
			compatibilityVersion = "Xcode 3.2";
			developmentRegion = English;
			hasScannedForEncodings = 0;
			knownRegions = (
				en,
			);
			mainGroup = 3C81DF761C337CE90025DD6A;
			productRefGroup = 3C81DF801C337CE90025DD6A /* Products */;
			projectDirPath = "";
			projectRoot = "";
			targets = (
				3C81DF7E1C337CE90025DD6A /* EUExXunfei */,
			);
		};
/* End PBXProject section */

/* Begin PBXSourcesBuildPhase section */
		3C81DF7B1C337CE90025DD6A /* Sources */ = {
			isa = PBXSourcesBuildPhase;
			buildActionMask = 2147483647;
			files = (
				3C4CD38D1C3532E200E01902 /* uexXunFeiResponder.m in Sources */,
				3C81DF851C337CE90025DD6A /* EUExXunfei.m in Sources */,
			);
			runOnlyForDeploymentPostprocessing = 0;
		};
/* End PBXSourcesBuildPhase section */

/* Begin XCBuildConfiguration section */
		3C81DF861C337CE90025DD6A /* Debug */ = {
			isa = XCBuildConfiguration;
			buildSettings = {
				ALWAYS_SEARCH_USER_PATHS = NO;
				CLANG_CXX_LANGUAGE_STANDARD = "gnu++0x";
				CLANG_CXX_LIBRARY = "libc++";
				CLANG_ENABLE_MODULES = YES;
				CLANG_ENABLE_OBJC_ARC = YES;
				CLANG_WARN_BOOL_CONVERSION = YES;
				CLANG_WARN_CONSTANT_CONVERSION = YES;
				CLANG_WARN_DIRECT_OBJC_ISA_USAGE = YES_ERROR;
				CLANG_WARN_EMPTY_BODY = YES;
				CLANG_WARN_ENUM_CONVERSION = YES;
				CLANG_WARN_INT_CONVERSION = YES;
				CLANG_WARN_OBJC_ROOT_CLASS = YES_ERROR;
				CLANG_WARN_UNREACHABLE_CODE = YES;
				CLANG_WARN__DUPLICATE_METHOD_MATCH = YES;
				"CODE_SIGN_IDENTITY[sdk=iphoneos*]" = "iPhone Developer";
				CONFIGURATION_BUILD_DIR = "$(SRCROOT)/uexXunfei";
				COPY_PHASE_STRIP = NO;
				DEBUG_INFORMATION_FORMAT = dwarf;
				ENABLE_STRICT_OBJC_MSGSEND = YES;
				ENABLE_TESTABILITY = NO;
				GCC_C_LANGUAGE_STANDARD = gnu99;
				GCC_DYNAMIC_NO_PIC = NO;
				GCC_NO_COMMON_BLOCKS = YES;
				GCC_OPTIMIZATION_LEVEL = 0;
				GCC_PREPROCESSOR_DEFINITIONS = (
					"DEBUG=1",
					"$(inherited)",
				);
				GCC_WARN_64_TO_32_BIT_CONVERSION = YES;
				GCC_WARN_ABOUT_RETURN_TYPE = YES_ERROR;
				GCC_WARN_UNDECLARED_SELECTOR = YES;
				GCC_WARN_UNINITIALIZED_AUTOS = YES_AGGRESSIVE;
				GCC_WARN_UNUSED_FUNCTION = YES;
				GCC_WARN_UNUSED_VARIABLE = YES;
				IPHONEOS_DEPLOYMENT_TARGET = 9.1;
				MTL_ENABLE_DEBUG_INFO = YES;
				ONLY_ACTIVE_ARCH = YES;
				SDKROOT = iphoneos;
			};
			name = Debug;
		};
		3C81DF871C337CE90025DD6A /* Release */ = {
			isa = XCBuildConfiguration;
			buildSettings = {
				ALWAYS_SEARCH_USER_PATHS = NO;
				CLANG_CXX_LANGUAGE_STANDARD = "gnu++0x";
				CLANG_CXX_LIBRARY = "libc++";
				CLANG_ENABLE_MODULES = YES;
				CLANG_ENABLE_OBJC_ARC = YES;
				CLANG_WARN_BOOL_CONVERSION = YES;
				CLANG_WARN_CONSTANT_CONVERSION = YES;
				CLANG_WARN_DIRECT_OBJC_ISA_USAGE = YES_ERROR;
				CLANG_WARN_EMPTY_BODY = YES;
				CLANG_WARN_ENUM_CONVERSION = YES;
				CLANG_WARN_INT_CONVERSION = YES;
				CLANG_WARN_OBJC_ROOT_CLASS = YES_ERROR;
				CLANG_WARN_UNREACHABLE_CODE = YES;
				CLANG_WARN__DUPLICATE_METHOD_MATCH = YES;
				"CODE_SIGN_IDENTITY[sdk=iphoneos*]" = "iPhone Developer";
				CONFIGURATION_BUILD_DIR = "$(SRCROOT)/uexXunfei";
				COPY_PHASE_STRIP = NO;
				DEBUG_INFORMATION_FORMAT = "dwarf-with-dsym";
				ENABLE_NS_ASSERTIONS = NO;
				ENABLE_STRICT_OBJC_MSGSEND = YES;
				ENABLE_TESTABILITY = NO;
				GCC_C_LANGUAGE_STANDARD = gnu99;
				GCC_NO_COMMON_BLOCKS = YES;
				GCC_WARN_64_TO_32_BIT_CONVERSION = YES;
				GCC_WARN_ABOUT_RETURN_TYPE = YES_ERROR;
				GCC_WARN_UNDECLARED_SELECTOR = YES;
				GCC_WARN_UNINITIALIZED_AUTOS = YES_AGGRESSIVE;
				GCC_WARN_UNUSED_FUNCTION = YES;
				GCC_WARN_UNUSED_VARIABLE = YES;
				IPHONEOS_DEPLOYMENT_TARGET = 9.1;
				MTL_ENABLE_DEBUG_INFO = NO;
				SDKROOT = iphoneos;
				VALIDATE_PRODUCT = YES;
			};
			name = Release;
		};
		3C81DF891C337CE90025DD6A /* Debug */ = {
			isa = XCBuildConfiguration;
			buildSettings = {
				FRAMEWORK_SEARCH_PATHS = (
					"$(PROJECT_DIR)/EUExXunfei/sourceCode",
					"$(inherited)",
				);
				GCC_PREFIX_HEADER = "$(SRCROOT)/EUExXunfei/PrefixHeader.pch";
				OTHER_LDFLAGS = "-ObjC";
				PRODUCT_NAME = uexXunfei;
				SKIP_INSTALL = YES;
			};
			name = Debug;
		};
		3C81DF8A1C337CE90025DD6A /* Release */ = {
			isa = XCBuildConfiguration;
			buildSettings = {
				FRAMEWORK_SEARCH_PATHS = (
					"$(PROJECT_DIR)/EUExXunfei/sourceCode",
					"$(inherited)",
				);
				GCC_PREFIX_HEADER = "$(SRCROOT)/EUExXunfei/PrefixHeader.pch";
				OTHER_LDFLAGS = "-ObjC";
				PRODUCT_NAME = uexXunfei;
				SKIP_INSTALL = YES;
			};
			name = Release;
		};
/* End XCBuildConfiguration section */

/* Begin XCConfigurationList section */
		3C81DF7A1C337CE90025DD6A /* Build configuration list for PBXProject "EUExXunfei" */ = {
			isa = XCConfigurationList;
			buildConfigurations = (
				3C81DF861C337CE90025DD6A /* Debug */,
				3C81DF871C337CE90025DD6A /* Release */,
			);
			defaultConfigurationIsVisible = 0;
			defaultConfigurationName = Release;
		};
		3C81DF881C337CE90025DD6A /* Build configuration list for PBXNativeTarget "EUExXunfei" */ = {
			isa = XCConfigurationList;
			buildConfigurations = (
				3C81DF891C337CE90025DD6A /* Debug */,
				3C81DF8A1C337CE90025DD6A /* Release */,
			);
			defaultConfigurationIsVisible = 0;
			defaultConfigurationName = Release;
		};
/* End XCConfigurationList section */
	};
	rootObject = 3C81DF771C337CE90025DD6A /* Project object */;
}
